{
  "name": "check_emails",
  "version": "1.0.0",
  "lockfileVersion": 3,
  "requires": true,
  "packages": {
    "": {
      "name": "check_emails",
      "version": "1.0.0",
      "license": "ISC",
      "dependencies": {
        "nodemailer": "^6.10.0",
        "total4": "^0.0.98"
      }
    },
    "node_modules/nodemailer": {
      "version": "6.10.0",
      "resolved": "https://registry.npmjs.org/nodemailer/-/nodemailer-6.10.0.tgz",
      "integrity": "sha512-SQ3wZCExjeSatLE/HBaXS5vqUOQk6GtBdIIKxiFdmm01mOQZX/POJkO3SUX1wDiYcwUOJwT23scFSC9fY2H8IA==",
      "engines": {
        "node": ">=6.0.0"
      }
    },
    "node_modules/total4": {
      "version": "0.0.98",
      "resolved": "https://registry.npmjs.org/total4/-/total4-0.0.98.tgz",
      "integrity": "sha512-SW5MVOqXH2ERa7/dBYasTxvHt816cC74zLyY8n89jFdT649Xd0Su4SeF6UJ7hqpBz7kw3Yy50U05Hu7BjVb4JQ==",
      "bin": {
        "total4": "bin/total4"
      }
    }
  }
}
